
Microsoft Visual Studio Solution File, Format Version 12.00
# Visual Studio 15
VisualStudioVersion = 15.0.28307.852
MinimumVisualStudioVersion = 10.0.40219.1
Project("{FAE04EC0-301F-11D3-BF4B-00C04F79EFBC}") = "Olefir_Kuz_True_Kontr", "Olefir_Kuz_True_Kontr\Olefir_Kuz_True_Kontr.csproj", "{43DA0BB8-7471-441C-A815-898C26934E77}"
EndProject
Global
	GlobalSection(SolutionConfigurationPlatforms) = preSolution
		Debug|Any CPU = Debug|Any CPU
		Release|Any CPU = Release|Any CPU
	EndGlobalSection
	GlobalSection(ProjectConfigurationPlatforms) = postSolution
		{43DA0BB8-7471-441C-A815-898C26934E77}.Debug|Any CPU.ActiveCfg = Debug|Any CPU
		{43DA0BB8-7471-441C-A815-898C26934E77}.Debug|Any CPU.Build.0 = Debug|Any CPU
		{43DA0BB8-7471-441C-A815-898C26934E77}.Release|Any CPU.ActiveCfg = Release|Any CPU
		{43DA0BB8-7471-441C-A815-898C26934E77}.Release|Any CPU.Build.0 = Release|Any CPU
	EndGlobalSection
	GlobalSection(SolutionProperties) = preSolution
		HideSolutionNode = FALSE
	EndGlobalSection
	GlobalSection(ExtensibilityGlobals) = postSolution
		SolutionGuid = {723496DE-EFE4-4793-B879-4470454AA15B}
	EndGlobalSection
EndGlobal
